{
  "name": "spocx-job",
  "version": "1.0.0",
  "lockfileVersion": 1,
  "requires": true,
  "dependencies": {
    "spocx-model": {
      "version": "1.0.31",
      "resolved": "https://registry.npmjs.org/spocx-model/-/spocx-model-1.0.31.tgz",
      "integrity": "sha512-tFvfgUqDj+J+0hHF23/OwLV6zP2Kfz8rs+SGd8LoNF19eLdTK82bYcWFePZSC9y9fePP64wDVcKXQ9a6Og2V+Q=="
    }
  }
}
